
Microsoft Visual Studio Solution File, Format Version 12.00
# Visual Studio 15
VisualStudioVersion = 15.0.26430.4
MinimumVisualStudioVersion = 10.0.40219.1
Project("{FAE04EC0-301F-11D3-BF4B-00C04F79EFBC}") = "CSharpBrasil", "CSharpBrasil.csproj", "{044BB227-AAA0-451E-933E-5DA727DE3448}"
EndProject
Project("{FAE04EC0-301F-11D3-BF4B-00C04F79EFBC}") = "CSharpBrasil.Test", "..\CSharpBrasil.Test\CSharpBrasil.Test.csproj", "{FFE06025-93BC-445B-8924-270DD84356ED}"
EndProject
Global
	GlobalSection(SolutionConfigurationPlatforms) = preSolution
		Debug|Any CPU = Debug|Any CPU
		Release|Any CPU = Release|Any CPU
	EndGlobalSection
	GlobalSection(ProjectConfigurationPlatforms) = postSolution
		{044BB227-AAA0-451E-933E-5DA727DE3448}.Debug|Any CPU.ActiveCfg = Debug|Any CPU
		{044BB227-AAA0-451E-933E-5DA727DE3448}.Debug|Any CPU.Build.0 = Debug|Any CPU
		{044BB227-AAA0-451E-933E-5DA727DE3448}.Release|Any CPU.ActiveCfg = Release|Any CPU
		{044BB227-AAA0-451E-933E-5DA727DE3448}.Release|Any CPU.Build.0 = Release|Any CPU
		{FFE06025-93BC-445B-8924-270DD84356ED}.Debug|Any CPU.ActiveCfg = Debug|Any CPU
		{FFE06025-93BC-445B-8924-270DD84356ED}.Debug|Any CPU.Build.0 = Debug|Any CPU
		{FFE06025-93BC-445B-8924-270DD84356ED}.Release|Any CPU.ActiveCfg = Release|Any CPU
		{FFE06025-93BC-445B-8924-270DD84356ED}.Release|Any CPU.Build.0 = Release|Any CPU
	EndGlobalSection
	GlobalSection(SolutionProperties) = preSolution
		HideSolutionNode = FALSE
	EndGlobalSection
EndGlobal
